
Microsoft Visual Studio Solution File, Format Version 12.00
# Visual Studio Version 17
VisualStudioVersion = 17.4.33110.190
MinimumVisualStudioVersion = 10.0.40219.1
Project("{FAE04EC0-301F-11D3-BF4B-00C04F79EFBC}") = "TCPclient", "TCPclient\TCPclient.csproj", "{E82FDC97-551B-4D28-8DB9-B3C10A3A1438}"
EndProject
Project("{FAE04EC0-301F-11D3-BF4B-00C04F79EFBC}") = "TCPServer", "TCPServer\TCPServer.csproj", "{CB235C7F-5FBC-4114-9AEB-5309516F033C}"
EndProject
Global
	GlobalSection(SolutionConfigurationPlatforms) = preSolution
		Debug|Any CPU = Debug|Any CPU
		Release|Any CPU = Release|Any CPU
	EndGlobalSection
	GlobalSection(ProjectConfigurationPlatforms) = postSolution
		{E82FDC97-551B-4D28-8DB9-B3C10A3A1438}.Debug|Any CPU.ActiveCfg = Debug|Any CPU
		{E82FDC97-551B-4D28-8DB9-B3C10A3A1438}.Debug|Any CPU.Build.0 = Debug|Any CPU
		{E82FDC97-551B-4D28-8DB9-B3C10A3A1438}.Release|Any CPU.ActiveCfg = Release|Any CPU
		{E82FDC97-551B-4D28-8DB9-B3C10A3A1438}.Release|Any CPU.Build.0 = Release|Any CPU
		{CB235C7F-5FBC-4114-9AEB-5309516F033C}.Debug|Any CPU.ActiveCfg = Debug|Any CPU
		{CB235C7F-5FBC-4114-9AEB-5309516F033C}.Debug|Any CPU.Build.0 = Debug|Any CPU
		{CB235C7F-5FBC-4114-9AEB-5309516F033C}.Release|Any CPU.ActiveCfg = Release|Any CPU
		{CB235C7F-5FBC-4114-9AEB-5309516F033C}.Release|Any CPU.Build.0 = Release|Any CPU
	EndGlobalSection
	GlobalSection(SolutionProperties) = preSolution
		HideSolutionNode = FALSE
	EndGlobalSection
	GlobalSection(ExtensibilityGlobals) = postSolution
		SolutionGuid = {4B0E4627-E750-4075-BC93-34EC4224F5AB}
	EndGlobalSection
EndGlobal
